
Microsoft Visual Studio Solution File, Format Version 12.00
# Visual Studio 2013
VisualStudioVersion = 12.0.30501.0
MinimumVisualStudioVersion = 10.0.40219.1
Project("{FAE04EC0-301F-11D3-BF4B-00C04F79EFBC}") = "HotDogLover", "HotDogLover\HotDogLover.csproj", "{4CB98E16-0408-4E87-8AFF-05D0FB036021}"
EndProject
Project("{2150E333-8FDC-42A3-9474-1A3956D46DE8}") = "PublishScripts", "PublishScripts", "{A181DF10-2C8A-4BC3-8C13-784DEAB2F9AE}"
	ProjectSection(SolutionItems) = preProject
		PublishScripts\AzureWebsitePublishModule.psm1 = PublishScripts\AzureWebsitePublishModule.psm1
		PublishScripts\Publish-WebApplicationWebsite.ps1 = PublishScripts\Publish-WebApplicationWebsite.ps1
	EndProjectSection
EndProject
Project("{2150E333-8FDC-42A3-9474-1A3956D46DE8}") = "Configurations", "Configurations", "{CAEE1CDC-6948-4759-8383-DA0C16136527}"
	ProjectSection(SolutionItems) = preProject
		PublishScripts\Configurations\HotDogLover-WAWS-dev.json = PublishScripts\Configurations\HotDogLover-WAWS-dev.json
	EndProjectSection
EndProject
Global
	GlobalSection(SolutionConfigurationPlatforms) = preSolution
		Debug|Any CPU = Debug|Any CPU
		Release|Any CPU = Release|Any CPU
	EndGlobalSection
	GlobalSection(ProjectConfigurationPlatforms) = postSolution
		{4CB98E16-0408-4E87-8AFF-05D0FB036021}.Debug|Any CPU.ActiveCfg = Debug|Any CPU
		{4CB98E16-0408-4E87-8AFF-05D0FB036021}.Debug|Any CPU.Build.0 = Debug|Any CPU
		{4CB98E16-0408-4E87-8AFF-05D0FB036021}.Release|Any CPU.ActiveCfg = Release|Any CPU
		{4CB98E16-0408-4E87-8AFF-05D0FB036021}.Release|Any CPU.Build.0 = Release|Any CPU
	EndGlobalSection
	GlobalSection(SolutionProperties) = preSolution
		HideSolutionNode = FALSE
	EndGlobalSection
	GlobalSection(NestedProjects) = preSolution
		{CAEE1CDC-6948-4759-8383-DA0C16136527} = {A181DF10-2C8A-4BC3-8C13-784DEAB2F9AE}
	EndGlobalSection
EndGlobal
